{
  "name": "haplosearch",
  "lockfileVersion": 3,
  "requires": true,
  "packages": {
    "": {
      "name": "haplosearch",
      "dependencies": {
        "bootstrap": "^3.3.7",
        "font-awesome": "^4.7.0",
        "jasny-bootstrap": "^3.1.3",
        "jquery": "^3.2.1"
      },
      "devDependencies": {}
    },
    "node_modules/bootstrap": {
      "version": "3.4.1",
      "resolved": "https://registry.npmjs.org/bootstrap/-/bootstrap-3.4.1.tgz",
      "integrity": "sha512-yN5oZVmRCwe5aKwzRj6736nSmKDX7pLYwsXiCj/EYmo16hODaBiT4En5btW/jhBF/seV+XMx3aYwukYC3A49DA==",
      "engines": {
        "node": ">=6"
      }
    },
    "node_modules/font-awesome": {
      "version": "4.7.0",
      "resolved": "https://registry.npmjs.org/font-awesome/-/font-awesome-4.7.0.tgz",
      "integrity": "sha1-j6jPBBGhoxr9B7BtKQK7n8gVoTM=",
      "engines": {
        "node": ">=0.10.3"
      }
    },
    "node_modules/jasny-bootstrap": {
      "version": "3.1.3",
      "resolved": "https://registry.npmjs.org/jasny-bootstrap/-/jasny-bootstrap-3.1.3.tgz",
      "integrity": "sha1-sHKmgdUMZJdiyVQ8emCT2bqi+Hs="
    },
    "node_modules/jquery": {
      "version": "3.4.1",
      "resolved": "https://registry.npmjs.org/jquery/-/jquery-3.4.1.tgz",
      "integrity": "sha512-36+AdBzCL+y6qjw5Tx7HgzeGCzC81MDDgaUP8ld2zhx58HdqXGoBd+tHdrBMiyjGQs0Hxs/MLZTu/eHNJJuWPw=="
    }
  }
}
